github.com/pablo0615/go_math v1.0.0 h1:qW92t4H7hGfCLUXvOQFOil6azupZkOsH9/zxqlBX0M4=
github.com/pablo0615/go_math v1.0.0/go.mod h1:guttRRJ7Msv54IshbsCXYdrcBJfO6B0ZvbbYE+0PqMc=
github.com/pablo0615/go_math v1.0.1 h1:bjjxmZ9l+zWo5dAytUrvOZtwKMldEQXiHQrNYRQZ49g=
github.com/pablo0615/go_math v1.0.1/go.mod h1:guttRRJ7Msv54IshbsCXYdrcBJfO6B0ZvbbYE+0PqMc=
github.com/pablo0615/go_math v1.1.0 h1:CWuA0ODGEd3Cui45jf17O9IXGRbv88vTVx2vVp4rKB4=
github.com/pablo0615/go_math v1.1.0/go.mod h1:guttRRJ7Msv54IshbsCXYdrcBJfO6B0ZvbbYE+0PqMc=
